
Microsoft Visual Studio Solution File, Format Version 12.00
# Visual Studio Version 17
VisualStudioVersion = 17.11.35303.130
MinimumVisualStudioVersion = 10.0.40219.1
Project("{FAE04EC0-301F-11D3-BF4B-00C04F79EFBC}") = "Sombras_SAVR.Android", "Sombras_SAVR\Sombras_SAVR.Android\Sombras_SAVR.Android.csproj", "{AED56945-1FD6-4361-BB6C-F2A01538EEA6}"
EndProject
Project("{FAE04EC0-301F-11D3-BF4B-00C04F79EFBC}") = "Sombras_SAVR.iOS", "Sombras_SAVR\Sombras_SAVR.iOS\Sombras_SAVR.iOS.csproj", "{5267C013-6D83-4D8F-82E2-6B2172042A44}"
EndProject
Project("{FAE04EC0-301F-11D3-BF4B-00C04F79EFBC}") = "Sombras_SAVR", "Sombras_SAVR\Sombras_SAVR\Sombras_SAVR.csproj", "{A220C181-8E35-42BC-A495-BD2FF3AA96CD}"
EndProject
Global
	GlobalSection(SolutionConfigurationPlatforms) = preSolution
		Debug|Any CPU = Debug|Any CPU
		Debug|iPhone = Debug|iPhone
		Debug|iPhoneSimulator = Debug|iPhoneSimulator
		Release|Any CPU = Release|Any CPU
		Release|iPhone = Release|iPhone
		Release|iPhoneSimulator = Release|iPhoneSimulator
	EndGlobalSection
	GlobalSection(ProjectConfigurationPlatforms) = postSolution
		{AED56945-1FD6-4361-BB6C-F2A01538EEA6}.Debug|Any CPU.ActiveCfg = Debug|Any CPU
		{AED56945-1FD6-4361-BB6C-F2A01538EEA6}.Debug|Any CPU.Build.0 = Debug|Any CPU
		{AED56945-1FD6-4361-BB6C-F2A01538EEA6}.Debug|Any CPU.Deploy.0 = Debug|Any CPU
		{AED56945-1FD6-4361-BB6C-F2A01538EEA6}.Debug|iPhone.ActiveCfg = Debug|Any CPU
		{AED56945-1FD6-4361-BB6C-F2A01538EEA6}.Debug|iPhone.Build.0 = Debug|Any CPU
		{AED56945-1FD6-4361-BB6C-F2A01538EEA6}.Debug|iPhone.Deploy.0 = Debug|Any CPU
		{AED56945-1FD6-4361-BB6C-F2A01538EEA6}.Debug|iPhoneSimulator.ActiveCfg = Debug|Any CPU
		{AED56945-1FD6-4361-BB6C-F2A01538EEA6}.Debug|iPhoneSimulator.Build.0 = Debug|Any CPU
		{AED56945-1FD6-4361-BB6C-F2A01538EEA6}.Debug|iPhoneSimulator.Deploy.0 = Debug|Any CPU
		{AED56945-1FD6-4361-BB6C-F2A01538EEA6}.Release|Any CPU.ActiveCfg = Release|Any CPU
		{AED56945-1FD6-4361-BB6C-F2A01538EEA6}.Release|Any CPU.Build.0 = Release|Any CPU
		{AED56945-1FD6-4361-BB6C-F2A01538EEA6}.Release|Any CPU.Deploy.0 = Release|Any CPU
		{AED56945-1FD6-4361-BB6C-F2A01538EEA6}.Release|iPhone.ActiveCfg = Release|Any CPU
		{AED56945-1FD6-4361-BB6C-F2A01538EEA6}.Release|iPhone.Build.0 = Release|Any CPU
		{AED56945-1FD6-4361-BB6C-F2A01538EEA6}.Release|iPhone.Deploy.0 = Release|Any CPU
		{AED56945-1FD6-4361-BB6C-F2A01538EEA6}.Release|iPhoneSimulator.ActiveCfg = Release|Any CPU
		{AED56945-1FD6-4361-BB6C-F2A01538EEA6}.Release|iPhoneSimulator.Build.0 = Release|Any CPU
		{AED56945-1FD6-4361-BB6C-F2A01538EEA6}.Release|iPhoneSimulator.Deploy.0 = Release|Any CPU
		{5267C013-6D83-4D8F-82E2-6B2172042A44}.Debug|Any CPU.ActiveCfg = Debug|iPhone
		{5267C013-6D83-4D8F-82E2-6B2172042A44}.Debug|Any CPU.Build.0 = Debug|iPhone
		{5267C013-6D83-4D8F-82E2-6B2172042A44}.Debug|Any CPU.Deploy.0 = Debug|iPhone
		{5267C013-6D83-4D8F-82E2-6B2172042A44}.Debug|iPhone.ActiveCfg = Debug|iPhone
		{5267C013-6D83-4D8F-82E2-6B2172042A44}.Debug|iPhone.Build.0 = Debug|iPhone
		{5267C013-6D83-4D8F-82E2-6B2172042A44}.Debug|iPhone.Deploy.0 = Debug|iPhone
		{5267C013-6D83-4D8F-82E2-6B2172042A44}.Debug|iPhoneSimulator.ActiveCfg = Debug|iPhoneSimulator
		{5267C013-6D83-4D8F-82E2-6B2172042A44}.Debug|iPhoneSimulator.Build.0 = Debug|iPhoneSimulator
		{5267C013-6D83-4D8F-82E2-6B2172042A44}.Debug|iPhoneSimulator.Deploy.0 = Debug|iPhoneSimulator
		{5267C013-6D83-4D8F-82E2-6B2172042A44}.Release|Any CPU.ActiveCfg = Release|iPhoneSimulator
		{5267C013-6D83-4D8F-82E2-6B2172042A44}.Release|Any CPU.Build.0 = Release|iPhoneSimulator
		{5267C013-6D83-4D8F-82E2-6B2172042A44}.Release|Any CPU.Deploy.0 = Release|iPhoneSimulator
		{5267C013-6D83-4D8F-82E2-6B2172042A44}.Release|iPhone.ActiveCfg = Release|iPhone
		{5267C013-6D83-4D8F-82E2-6B2172042A44}.Release|iPhone.Build.0 = Release|iPhone
		{5267C013-6D83-4D8F-82E2-6B2172042A44}.Release|iPhone.Deploy.0 = Release|iPhone
		{5267C013-6D83-4D8F-82E2-6B2172042A44}.Release|iPhoneSimulator.ActiveCfg = Release|iPhoneSimulator
		{5267C013-6D83-4D8F-82E2-6B2172042A44}.Release|iPhoneSimulator.Build.0 = Release|iPhoneSimulator
		{5267C013-6D83-4D8F-82E2-6B2172042A44}.Release|iPhoneSimulator.Deploy.0 = Release|iPhoneSimulator
		{A220C181-8E35-42BC-A495-BD2FF3AA96CD}.Debug|Any CPU.ActiveCfg = Debug|Any CPU
		{A220C181-8E35-42BC-A495-BD2FF3AA96CD}.Debug|Any CPU.Build.0 = Debug|Any CPU
		{A220C181-8E35-42BC-A495-BD2FF3AA96CD}.Debug|Any CPU.Deploy.0 = Debug|Any CPU
		{A220C181-8E35-42BC-A495-BD2FF3AA96CD}.Debug|iPhone.ActiveCfg = Debug|Any CPU
		{A220C181-8E35-42BC-A495-BD2FF3AA96CD}.Debug|iPhone.Build.0 = Debug|Any CPU
		{A220C181-8E35-42BC-A495-BD2FF3AA96CD}.Debug|iPhone.Deploy.0 = Debug|Any CPU
		{A220C181-8E35-42BC-A495-BD2FF3AA96CD}.Debug|iPhoneSimulator.ActiveCfg = Debug|Any CPU
		{A220C181-8E35-42BC-A495-BD2FF3AA96CD}.Debug|iPhoneSimulator.Build.0 = Debug|Any CPU
		{A220C181-8E35-42BC-A495-BD2FF3AA96CD}.Debug|iPhoneSimulator.Deploy.0 = Debug|Any CPU
		{A220C181-8E35-42BC-A495-BD2FF3AA96CD}.Release|Any CPU.ActiveCfg = Release|Any CPU
		{A220C181-8E35-42BC-A495-BD2FF3AA96CD}.Release|Any CPU.Build.0 = Release|Any CPU
		{A220C181-8E35-42BC-A495-BD2FF3AA96CD}.Release|Any CPU.Deploy.0 = Release|Any CPU
		{A220C181-8E35-42BC-A495-BD2FF3AA96CD}.Release|iPhone.ActiveCfg = Release|Any CPU
		{A220C181-8E35-42BC-A495-BD2FF3AA96CD}.Release|iPhone.Build.0 = Release|Any CPU
		{A220C181-8E35-42BC-A495-BD2FF3AA96CD}.Release|iPhone.Deploy.0 = Release|Any CPU
		{A220C181-8E35-42BC-A495-BD2FF3AA96CD}.Release|iPhoneSimulator.ActiveCfg = Release|Any CPU
		{A220C181-8E35-42BC-A495-BD2FF3AA96CD}.Release|iPhoneSimulator.Build.0 = Release|Any CPU
		{A220C181-8E35-42BC-A495-BD2FF3AA96CD}.Release|iPhoneSimulator.Deploy.0 = Release|Any CPU
	EndGlobalSection
	GlobalSection(SolutionProperties) = preSolution
		HideSolutionNode = FALSE
	EndGlobalSection
	GlobalSection(ExtensibilityGlobals) = postSolution
		SolutionGuid = {6AFF7A21-3DDD-48FF-B59C-ADC325D07285}
	EndGlobalSection
EndGlobal
